
Microsoft Visual Studio Solution File, Format Version 12.00
# Visual Studio 15
VisualStudioVersion = 15.0.28307.329
MinimumVisualStudioVersion = 10.0.40219.1
Project("{2150E333-8FDC-42A3-9474-1A3956D46DE8}") = "Source", "Source", "{ABF7F208-AF88-4E02-A679-5EDF2DBB9F17}"
EndProject
Project("{2150E333-8FDC-42A3-9474-1A3956D46DE8}") = "Documentation", "Documentation", "{A88CFA5D-F983-4E02-B3B9-FF92AD7FD480}"
	ProjectSection(SolutionItems) = preProject
		Documentation\ReadMe.md = Documentation\ReadMe.md
	EndProjectSection
EndProject
Project("{2150E333-8FDC-42A3-9474-1A3956D46DE8}") = "Test", "Test", "{A2A23B37-78F4-4B87-BE37-7D552FD27010}"
EndProject
Project("{9A19103F-16F7-4668-BE54-9A1E7A4F7556}") = "Learn.TuplesDemo", "Source\Learn.TuplesDemo\Learn.TuplesDemo.csproj", "{D6B371B9-5800-4336-B572-B04510276050}"
EndProject
Project("{9A19103F-16F7-4668-BE54-9A1E7A4F7556}") = "Learn.CSharp7", "Source\Learn.CSharp7\Learn.CSharp7.csproj", "{A7C44290-8ACC-461D-9A4F-7BA84321290A}"
EndProject
Project("{9A19103F-16F7-4668-BE54-9A1E7A4F7556}") = "Learn.CSharp7.Common", "Learn.CSharp7.Common\Learn.CSharp7.Common.csproj", "{61B7E3B7-9AAF-48E8-91CB-4F82D91F76DF}"
EndProject
Project("{9A19103F-16F7-4668-BE54-9A1E7A4F7556}") = "Learn.TuplesDemoTests", "Test\Learn.TuplesDemoTests\Learn.TuplesDemoTests.csproj", "{4BB12E6D-E55B-4155-8409-317CFDD6B224}"
EndProject
Project("{FAE04EC0-301F-11D3-BF4B-00C04F79EFBC}") = "Learn.MiscDemo", "Source\Learn.MiscDemo\Learn.MiscDemo.csproj", "{82E16708-3B27-4C78-836F-4C6BC8E4AD0F}"
EndProject
Global
	GlobalSection(SolutionConfigurationPlatforms) = preSolution
		Debug|Any CPU = Debug|Any CPU
		Release|Any CPU = Release|Any CPU
	EndGlobalSection
	GlobalSection(ProjectConfigurationPlatforms) = postSolution
		{D6B371B9-5800-4336-B572-B04510276050}.Debug|Any CPU.ActiveCfg = Debug|Any CPU
		{D6B371B9-5800-4336-B572-B04510276050}.Debug|Any CPU.Build.0 = Debug|Any CPU
		{D6B371B9-5800-4336-B572-B04510276050}.Release|Any CPU.ActiveCfg = Release|Any CPU
		{D6B371B9-5800-4336-B572-B04510276050}.Release|Any CPU.Build.0 = Release|Any CPU
		{A7C44290-8ACC-461D-9A4F-7BA84321290A}.Debug|Any CPU.ActiveCfg = Debug|Any CPU
		{A7C44290-8ACC-461D-9A4F-7BA84321290A}.Debug|Any CPU.Build.0 = Debug|Any CPU
		{A7C44290-8ACC-461D-9A4F-7BA84321290A}.Release|Any CPU.ActiveCfg = Release|Any CPU
		{A7C44290-8ACC-461D-9A4F-7BA84321290A}.Release|Any CPU.Build.0 = Release|Any CPU
		{61B7E3B7-9AAF-48E8-91CB-4F82D91F76DF}.Debug|Any CPU.ActiveCfg = Debug|Any CPU
		{61B7E3B7-9AAF-48E8-91CB-4F82D91F76DF}.Debug|Any CPU.Build.0 = Debug|Any CPU
		{61B7E3B7-9AAF-48E8-91CB-4F82D91F76DF}.Release|Any CPU.ActiveCfg = Release|Any CPU
		{61B7E3B7-9AAF-48E8-91CB-4F82D91F76DF}.Release|Any CPU.Build.0 = Release|Any CPU
		{4BB12E6D-E55B-4155-8409-317CFDD6B224}.Debug|Any CPU.ActiveCfg = Debug|Any CPU
		{4BB12E6D-E55B-4155-8409-317CFDD6B224}.Debug|Any CPU.Build.0 = Debug|Any CPU
		{4BB12E6D-E55B-4155-8409-317CFDD6B224}.Release|Any CPU.ActiveCfg = Release|Any CPU
		{4BB12E6D-E55B-4155-8409-317CFDD6B224}.Release|Any CPU.Build.0 = Release|Any CPU
		{82E16708-3B27-4C78-836F-4C6BC8E4AD0F}.Debug|Any CPU.ActiveCfg = Debug|Any CPU
		{82E16708-3B27-4C78-836F-4C6BC8E4AD0F}.Debug|Any CPU.Build.0 = Debug|Any CPU
		{82E16708-3B27-4C78-836F-4C6BC8E4AD0F}.Release|Any CPU.ActiveCfg = Release|Any CPU
		{82E16708-3B27-4C78-836F-4C6BC8E4AD0F}.Release|Any CPU.Build.0 = Release|Any CPU
	EndGlobalSection
	GlobalSection(SolutionProperties) = preSolution
		HideSolutionNode = FALSE
	EndGlobalSection
	GlobalSection(NestedProjects) = preSolution
		{D6B371B9-5800-4336-B572-B04510276050} = {ABF7F208-AF88-4E02-A679-5EDF2DBB9F17}
		{A7C44290-8ACC-461D-9A4F-7BA84321290A} = {ABF7F208-AF88-4E02-A679-5EDF2DBB9F17}
		{61B7E3B7-9AAF-48E8-91CB-4F82D91F76DF} = {ABF7F208-AF88-4E02-A679-5EDF2DBB9F17}
		{4BB12E6D-E55B-4155-8409-317CFDD6B224} = {A2A23B37-78F4-4B87-BE37-7D552FD27010}
		{82E16708-3B27-4C78-836F-4C6BC8E4AD0F} = {ABF7F208-AF88-4E02-A679-5EDF2DBB9F17}
	EndGlobalSection
	GlobalSection(ExtensibilityGlobals) = postSolution
		SolutionGuid = {1068B9BC-DC9C-4090-8C56-0DF32B193169}
	EndGlobalSection
EndGlobal
