
Microsoft Visual Studio Solution File, Format Version 12.00
# Visual Studio Version 16
VisualStudioVersion = 16.0.31112.23
MinimumVisualStudioVersion = 10.0.40219.1
Project("{2150E333-8FDC-42A3-9474-1A3956D46DE8}") = "CSharpV2Demos", "CSharpV2Demos", "{8F00A8C7-1C13-42FE-81FE-2E49E98FA8EF}"
	ProjectSection(SolutionItems) = preProject
		CSharpV2Demos\README.md = CSharpV2Demos\README.md
	EndProjectSection
EndProject
Project("{2150E333-8FDC-42A3-9474-1A3956D46DE8}") = "CSharpV3Demos", "CSharpV3Demos", "{80A06B66-2B59-4142-81EF-9A647811C846}"
EndProject
Project("{2150E333-8FDC-42A3-9474-1A3956D46DE8}") = "CSharpV4Demos", "CSharpV4Demos", "{44AD1287-8071-4CF5-A465-0A35BE83E1C2}"
EndProject
Project("{2150E333-8FDC-42A3-9474-1A3956D46DE8}") = "CSharpV5Demos", "CSharpV5Demos", "{9005C1C1-511E-49A9-A508-9F3FC04B9B4E}"
EndProject
Project("{2150E333-8FDC-42A3-9474-1A3956D46DE8}") = "CSharpV6Demos", "CSharpV6Demos", "{8DE4DB89-3A23-4888-B062-9ABD17B3CBF8}"
EndProject
Project("{2150E333-8FDC-42A3-9474-1A3956D46DE8}") = "CSharpV7Demos", "CSharpV7Demos", "{E0F2BC5A-E543-4C0C-9D63-E7F6E8F34E76}"
EndProject
Project("{2150E333-8FDC-42A3-9474-1A3956D46DE8}") = "CSharpV71Demos", "CSharpV71Demos", "{AD059ED6-A073-42A6-9EFA-2422B166CF96}"
EndProject
Project("{2150E333-8FDC-42A3-9474-1A3956D46DE8}") = "CSharpV72Demos", "CSharpV72Demos", "{C089FD65-ABE6-4420-B3C7-9B5DB3BC94A1}"
EndProject
Project("{2150E333-8FDC-42A3-9474-1A3956D46DE8}") = "CSharpV73Demos", "CSharpV73Demos", "{836A800D-6DE5-48D4-AFBC-A7F068CC804D}"
EndProject
Project("{2150E333-8FDC-42A3-9474-1A3956D46DE8}") = "CSharpV8Demos", "CSharpV8Demos", "{863A6716-88FD-4A02-BF40-197F5E085D69}"
EndProject
Project("{2150E333-8FDC-42A3-9474-1A3956D46DE8}") = "CSharpV9Demos", "CSharpV9Demos", "{D028B41F-E150-4A10-A15A-C48A616313C4}"
EndProject
Project("{2150E333-8FDC-42A3-9474-1A3956D46DE8}") = "Common", "Common", "{D7A2BD95-F022-4CF6-A875-EF3766F15EFB}"
EndProject
Project("{9A19103F-16F7-4668-BE54-9A1E7A4F7556}") = "Utilities.Generator", "Common\Utilities.Generator\Utilities.Generator.csproj", "{774A0CA6-DC13-49C2-BF6E-BE02E57A55F7}"
EndProject
Project("{9A19103F-16F7-4668-BE54-9A1E7A4F7556}") = "Utilities.GeneratorTests", "Common\Utilities.GeneratorTests\Utilities.GeneratorTests.csproj", "{D77DCCBF-2BD1-41DA-9DC6-32BD25E132D1}"
EndProject
Project("{9A19103F-16F7-4668-BE54-9A1E7A4F7556}") = "UptoV2Demo", "CSharpV2Demos\UptoV2Demo\UptoV2Demo.csproj", "{1E54CDC6-D779-4508-96AA-8ADA34203283}"
EndProject
Project("{9A19103F-16F7-4668-BE54-9A1E7A4F7556}") = "UptoV2Demo.Tests", "CSharpV2Demos\UptoV2Demo.Tests\UptoV2Demo.Tests.csproj", "{A8934AB6-EE72-4AEE-8566-C040974FF69C}"
EndProject
Project("{9A19103F-16F7-4668-BE54-9A1E7A4F7556}") = "Try.Generator", "Common\Try.Generator\Try.Generator.csproj", "{1E25EFCC-DCEF-43BD-BFD5-DCA0EBECCD5D}"
EndProject
Project("{9A19103F-16F7-4668-BE54-9A1E7A4F7556}") = "Try.UptoV2Demo", "CSharpV2Demos\Try.UptoV2Demo\Try.UptoV2Demo.csproj", "{6A7139C2-B4BD-46E3-B1FF-B58FB0C820C8}"
EndProject
Project("{2150E333-8FDC-42A3-9474-1A3956D46DE8}") = "DSA", "DSA", "{70A70A6B-B6D9-4AFD-B9A9-91F93AFCF1EE}"
EndProject
Project("{9A19103F-16F7-4668-BE54-9A1E7A4F7556}") = "DSA.ArraysDemo", "DSA\DSA.ArraysDemo\DSA.ArraysDemo.csproj", "{CB62B893-7A7C-4477-A062-EB65677B18C2}"
EndProject
Project("{9A19103F-16F7-4668-BE54-9A1E7A4F7556}") = "Try.DSA", "DSA\Try.DSA\Try.DSA.csproj", "{5AEAC4CE-B7C8-42C4-A0F3-991ACE361857}"
EndProject
Project("{9A19103F-16F7-4668-BE54-9A1E7A4F7556}") = "V7Demos", "CSharpV7Demos\V7Demos\V7Demos.csproj", "{3E8B89A6-24C4-4AE6-8CDD-0DDD056A57AC}"
EndProject
Project("{9A19103F-16F7-4668-BE54-9A1E7A4F7556}") = "Try.V7Demos", "CSharpV7Demos\Try.V7Demos\Try.V7Demos.csproj", "{FCD3A8CD-9ECD-49F8-98DC-630D3E5B7C9C}"
EndProject
Project("{9A19103F-16F7-4668-BE54-9A1E7A4F7556}") = "V7Demos.Tests", "CSharpV7Demos\V7Demos.Tests\V7Demos.Tests.csproj", "{4306DDA5-2C7F-44E6-9F65-61D8583FD7FB}"
EndProject
Project("{2150E333-8FDC-42A3-9474-1A3956D46DE8}") = "MiniProjects", "MiniProjects", "{1B245FA2-72D0-4F97-8B32-C4BBFC255AB5}"
EndProject
Project("{2150E333-8FDC-42A3-9474-1A3956D46DE8}") = "Solution Items", "Solution Items", "{11855AE3-9D66-493F-AFB0-F0773FACFD05}"
	ProjectSection(SolutionItems) = preProject
		README.md = README.md
	EndProjectSection
EndProject
Project("{9A19103F-16F7-4668-BE54-9A1E7A4F7556}") = "Try.SingleLinkedList", "DSA\Try.SingleLinkedList\Try.SingleLinkedList.csproj", "{8F5A8D80-E228-4ABE-951D-A0B42EBD2A3E}"
EndProject
Project("{9A19103F-16F7-4668-BE54-9A1E7A4F7556}") = "DSA.SingleLinkedList", "DSA\DSA.SingleLinkedList\DSA.SingleLinkedList.csproj", "{18853F00-A6D4-45B6-9FEB-E6E79475B6CC}"
EndProject
Project("{2150E333-8FDC-42A3-9474-1A3956D46DE8}") = "Weather", "Weather", "{1EFAD057-56E0-4805-91F4-DD1F7CAB54CD}"
EndProject
Project("{9A19103F-16F7-4668-BE54-9A1E7A4F7556}") = "WeatherUtility", "MiniProjects\Weather\WeatherUtility\WeatherUtility.csproj", "{CE93E303-2953-4833-BC24-4B8F551DC433}"
EndProject
Project("{9A19103F-16F7-4668-BE54-9A1E7A4F7556}") = "Try.WeatherUtility", "MiniProjects\Weather\Try.WeatherUtility\Try.WeatherUtility.csproj", "{1DC56841-A91E-4FE3-9660-F8C0BBFC4260}"
EndProject
Project("{9A19103F-16F7-4668-BE54-9A1E7A4F7556}") = "WeatherUtility.Tests", "MiniProjects\Weather\WeatherUtility.Tests\WeatherUtility.Tests.csproj", "{4903403E-B6C2-4C8E-9522-F30652150968}"
EndProject
Project("{FAE04EC0-301F-11D3-BF4B-00C04F79EFBC}") = "WeatherUtility.Core", "MiniProjects\Weather\WeatherUtility.Core\WeatherUtility.Core.csproj", "{5B6C23C6-1ADF-4B3B-898D-317256A155CE}"
EndProject
Global
	GlobalSection(SolutionConfigurationPlatforms) = preSolution
		Debug|Any CPU = Debug|Any CPU
		Release|Any CPU = Release|Any CPU
	EndGlobalSection
	GlobalSection(ProjectConfigurationPlatforms) = postSolution
		{774A0CA6-DC13-49C2-BF6E-BE02E57A55F7}.Debug|Any CPU.ActiveCfg = Debug|Any CPU
		{774A0CA6-DC13-49C2-BF6E-BE02E57A55F7}.Debug|Any CPU.Build.0 = Debug|Any CPU
		{774A0CA6-DC13-49C2-BF6E-BE02E57A55F7}.Release|Any CPU.ActiveCfg = Release|Any CPU
		{774A0CA6-DC13-49C2-BF6E-BE02E57A55F7}.Release|Any CPU.Build.0 = Release|Any CPU
		{D77DCCBF-2BD1-41DA-9DC6-32BD25E132D1}.Debug|Any CPU.ActiveCfg = Debug|Any CPU
		{D77DCCBF-2BD1-41DA-9DC6-32BD25E132D1}.Debug|Any CPU.Build.0 = Debug|Any CPU
		{D77DCCBF-2BD1-41DA-9DC6-32BD25E132D1}.Release|Any CPU.ActiveCfg = Release|Any CPU
		{D77DCCBF-2BD1-41DA-9DC6-32BD25E132D1}.Release|Any CPU.Build.0 = Release|Any CPU
		{1E54CDC6-D779-4508-96AA-8ADA34203283}.Debug|Any CPU.ActiveCfg = Debug|Any CPU
		{1E54CDC6-D779-4508-96AA-8ADA34203283}.Debug|Any CPU.Build.0 = Debug|Any CPU
		{1E54CDC6-D779-4508-96AA-8ADA34203283}.Release|Any CPU.ActiveCfg = Release|Any CPU
		{1E54CDC6-D779-4508-96AA-8ADA34203283}.Release|Any CPU.Build.0 = Release|Any CPU
		{A8934AB6-EE72-4AEE-8566-C040974FF69C}.Debug|Any CPU.ActiveCfg = Debug|Any CPU
		{A8934AB6-EE72-4AEE-8566-C040974FF69C}.Debug|Any CPU.Build.0 = Debug|Any CPU
		{A8934AB6-EE72-4AEE-8566-C040974FF69C}.Release|Any CPU.ActiveCfg = Release|Any CPU
		{A8934AB6-EE72-4AEE-8566-C040974FF69C}.Release|Any CPU.Build.0 = Release|Any CPU
		{1E25EFCC-DCEF-43BD-BFD5-DCA0EBECCD5D}.Debug|Any CPU.ActiveCfg = Debug|Any CPU
		{1E25EFCC-DCEF-43BD-BFD5-DCA0EBECCD5D}.Debug|Any CPU.Build.0 = Debug|Any CPU
		{1E25EFCC-DCEF-43BD-BFD5-DCA0EBECCD5D}.Release|Any CPU.ActiveCfg = Release|Any CPU
		{1E25EFCC-DCEF-43BD-BFD5-DCA0EBECCD5D}.Release|Any CPU.Build.0 = Release|Any CPU
		{6A7139C2-B4BD-46E3-B1FF-B58FB0C820C8}.Debug|Any CPU.ActiveCfg = Debug|Any CPU
		{6A7139C2-B4BD-46E3-B1FF-B58FB0C820C8}.Debug|Any CPU.Build.0 = Debug|Any CPU
		{6A7139C2-B4BD-46E3-B1FF-B58FB0C820C8}.Release|Any CPU.ActiveCfg = Release|Any CPU
		{6A7139C2-B4BD-46E3-B1FF-B58FB0C820C8}.Release|Any CPU.Build.0 = Release|Any CPU
		{CB62B893-7A7C-4477-A062-EB65677B18C2}.Debug|Any CPU.ActiveCfg = Debug|Any CPU
		{CB62B893-7A7C-4477-A062-EB65677B18C2}.Debug|Any CPU.Build.0 = Debug|Any CPU
		{CB62B893-7A7C-4477-A062-EB65677B18C2}.Release|Any CPU.ActiveCfg = Release|Any CPU
		{CB62B893-7A7C-4477-A062-EB65677B18C2}.Release|Any CPU.Build.0 = Release|Any CPU
		{5AEAC4CE-B7C8-42C4-A0F3-991ACE361857}.Debug|Any CPU.ActiveCfg = Debug|Any CPU
		{5AEAC4CE-B7C8-42C4-A0F3-991ACE361857}.Debug|Any CPU.Build.0 = Debug|Any CPU
		{5AEAC4CE-B7C8-42C4-A0F3-991ACE361857}.Release|Any CPU.ActiveCfg = Release|Any CPU
		{5AEAC4CE-B7C8-42C4-A0F3-991ACE361857}.Release|Any CPU.Build.0 = Release|Any CPU
		{3E8B89A6-24C4-4AE6-8CDD-0DDD056A57AC}.Debug|Any CPU.ActiveCfg = Debug|Any CPU
		{3E8B89A6-24C4-4AE6-8CDD-0DDD056A57AC}.Debug|Any CPU.Build.0 = Debug|Any CPU
		{3E8B89A6-24C4-4AE6-8CDD-0DDD056A57AC}.Release|Any CPU.ActiveCfg = Release|Any CPU
		{3E8B89A6-24C4-4AE6-8CDD-0DDD056A57AC}.Release|Any CPU.Build.0 = Release|Any CPU
		{FCD3A8CD-9ECD-49F8-98DC-630D3E5B7C9C}.Debug|Any CPU.ActiveCfg = Debug|Any CPU
		{FCD3A8CD-9ECD-49F8-98DC-630D3E5B7C9C}.Debug|Any CPU.Build.0 = Debug|Any CPU
		{FCD3A8CD-9ECD-49F8-98DC-630D3E5B7C9C}.Release|Any CPU.ActiveCfg = Release|Any CPU
		{FCD3A8CD-9ECD-49F8-98DC-630D3E5B7C9C}.Release|Any CPU.Build.0 = Release|Any CPU
		{4306DDA5-2C7F-44E6-9F65-61D8583FD7FB}.Debug|Any CPU.ActiveCfg = Debug|Any CPU
		{4306DDA5-2C7F-44E6-9F65-61D8583FD7FB}.Debug|Any CPU.Build.0 = Debug|Any CPU
		{4306DDA5-2C7F-44E6-9F65-61D8583FD7FB}.Release|Any CPU.ActiveCfg = Release|Any CPU
		{4306DDA5-2C7F-44E6-9F65-61D8583FD7FB}.Release|Any CPU.Build.0 = Release|Any CPU
		{8F5A8D80-E228-4ABE-951D-A0B42EBD2A3E}.Debug|Any CPU.ActiveCfg = Debug|Any CPU
		{8F5A8D80-E228-4ABE-951D-A0B42EBD2A3E}.Debug|Any CPU.Build.0 = Debug|Any CPU
		{8F5A8D80-E228-4ABE-951D-A0B42EBD2A3E}.Release|Any CPU.ActiveCfg = Release|Any CPU
		{8F5A8D80-E228-4ABE-951D-A0B42EBD2A3E}.Release|Any CPU.Build.0 = Release|Any CPU
		{18853F00-A6D4-45B6-9FEB-E6E79475B6CC}.Debug|Any CPU.ActiveCfg = Debug|Any CPU
		{18853F00-A6D4-45B6-9FEB-E6E79475B6CC}.Debug|Any CPU.Build.0 = Debug|Any CPU
		{18853F00-A6D4-45B6-9FEB-E6E79475B6CC}.Release|Any CPU.ActiveCfg = Release|Any CPU
		{18853F00-A6D4-45B6-9FEB-E6E79475B6CC}.Release|Any CPU.Build.0 = Release|Any CPU
		{CE93E303-2953-4833-BC24-4B8F551DC433}.Debug|Any CPU.ActiveCfg = Debug|Any CPU
		{CE93E303-2953-4833-BC24-4B8F551DC433}.Debug|Any CPU.Build.0 = Debug|Any CPU
		{CE93E303-2953-4833-BC24-4B8F551DC433}.Release|Any CPU.ActiveCfg = Release|Any CPU
		{CE93E303-2953-4833-BC24-4B8F551DC433}.Release|Any CPU.Build.0 = Release|Any CPU
		{1DC56841-A91E-4FE3-9660-F8C0BBFC4260}.Debug|Any CPU.ActiveCfg = Debug|Any CPU
		{1DC56841-A91E-4FE3-9660-F8C0BBFC4260}.Debug|Any CPU.Build.0 = Debug|Any CPU
		{1DC56841-A91E-4FE3-9660-F8C0BBFC4260}.Release|Any CPU.ActiveCfg = Release|Any CPU
		{1DC56841-A91E-4FE3-9660-F8C0BBFC4260}.Release|Any CPU.Build.0 = Release|Any CPU
		{4903403E-B6C2-4C8E-9522-F30652150968}.Debug|Any CPU.ActiveCfg = Debug|Any CPU
		{4903403E-B6C2-4C8E-9522-F30652150968}.Debug|Any CPU.Build.0 = Debug|Any CPU
		{4903403E-B6C2-4C8E-9522-F30652150968}.Release|Any CPU.ActiveCfg = Release|Any CPU
		{4903403E-B6C2-4C8E-9522-F30652150968}.Release|Any CPU.Build.0 = Release|Any CPU
		{5B6C23C6-1ADF-4B3B-898D-317256A155CE}.Debug|Any CPU.ActiveCfg = Debug|Any CPU
		{5B6C23C6-1ADF-4B3B-898D-317256A155CE}.Debug|Any CPU.Build.0 = Debug|Any CPU
		{5B6C23C6-1ADF-4B3B-898D-317256A155CE}.Release|Any CPU.ActiveCfg = Release|Any CPU
		{5B6C23C6-1ADF-4B3B-898D-317256A155CE}.Release|Any CPU.Build.0 = Release|Any CPU
	EndGlobalSection
	GlobalSection(SolutionProperties) = preSolution
		HideSolutionNode = FALSE
	EndGlobalSection
	GlobalSection(NestedProjects) = preSolution
		{774A0CA6-DC13-49C2-BF6E-BE02E57A55F7} = {D7A2BD95-F022-4CF6-A875-EF3766F15EFB}
		{D77DCCBF-2BD1-41DA-9DC6-32BD25E132D1} = {D7A2BD95-F022-4CF6-A875-EF3766F15EFB}
		{1E54CDC6-D779-4508-96AA-8ADA34203283} = {8F00A8C7-1C13-42FE-81FE-2E49E98FA8EF}
		{A8934AB6-EE72-4AEE-8566-C040974FF69C} = {8F00A8C7-1C13-42FE-81FE-2E49E98FA8EF}
		{1E25EFCC-DCEF-43BD-BFD5-DCA0EBECCD5D} = {D7A2BD95-F022-4CF6-A875-EF3766F15EFB}
		{6A7139C2-B4BD-46E3-B1FF-B58FB0C820C8} = {8F00A8C7-1C13-42FE-81FE-2E49E98FA8EF}
		{CB62B893-7A7C-4477-A062-EB65677B18C2} = {70A70A6B-B6D9-4AFD-B9A9-91F93AFCF1EE}
		{5AEAC4CE-B7C8-42C4-A0F3-991ACE361857} = {70A70A6B-B6D9-4AFD-B9A9-91F93AFCF1EE}
		{3E8B89A6-24C4-4AE6-8CDD-0DDD056A57AC} = {E0F2BC5A-E543-4C0C-9D63-E7F6E8F34E76}
		{FCD3A8CD-9ECD-49F8-98DC-630D3E5B7C9C} = {E0F2BC5A-E543-4C0C-9D63-E7F6E8F34E76}
		{4306DDA5-2C7F-44E6-9F65-61D8583FD7FB} = {E0F2BC5A-E543-4C0C-9D63-E7F6E8F34E76}
		{8F5A8D80-E228-4ABE-951D-A0B42EBD2A3E} = {70A70A6B-B6D9-4AFD-B9A9-91F93AFCF1EE}
		{18853F00-A6D4-45B6-9FEB-E6E79475B6CC} = {70A70A6B-B6D9-4AFD-B9A9-91F93AFCF1EE}
		{1EFAD057-56E0-4805-91F4-DD1F7CAB54CD} = {1B245FA2-72D0-4F97-8B32-C4BBFC255AB5}
		{CE93E303-2953-4833-BC24-4B8F551DC433} = {1EFAD057-56E0-4805-91F4-DD1F7CAB54CD}
		{1DC56841-A91E-4FE3-9660-F8C0BBFC4260} = {1EFAD057-56E0-4805-91F4-DD1F7CAB54CD}
		{4903403E-B6C2-4C8E-9522-F30652150968} = {1EFAD057-56E0-4805-91F4-DD1F7CAB54CD}
		{5B6C23C6-1ADF-4B3B-898D-317256A155CE} = {1EFAD057-56E0-4805-91F4-DD1F7CAB54CD}
	EndGlobalSection
	GlobalSection(ExtensibilityGlobals) = postSolution
		SolutionGuid = {B2C39726-9041-481F-B53B-B10E21F2B545}
	EndGlobalSection
EndGlobal
