
Microsoft Visual Studio Solution File, Format Version 12.00
# Visual Studio 15
VisualStudioVersion = 15.0.26124.0
MinimumVisualStudioVersion = 15.0.26124.0
Project("{FAE04EC0-301F-11D3-BF4B-00C04F79EFBC}") = "HelloGraphQL", "HelloGraphQL\HelloGraphQL.csproj", "{8FEAF4DC-E0DF-45BA-A4E7-C3BEB2792E2A}"
EndProject
Project("{FAE04EC0-301F-11D3-BF4B-00C04F79EFBC}") = "CodeFristDemo", "CodeFristDemo\CodeFristDemo.csproj", "{18665743-817C-45C3-A7C9-19B61A5BF0BA}"
EndProject
Global
	GlobalSection(SolutionConfigurationPlatforms) = preSolution
		Debug|Any CPU = Debug|Any CPU
		Debug|x64 = Debug|x64
		Debug|x86 = Debug|x86
		Release|Any CPU = Release|Any CPU
		Release|x64 = Release|x64
		Release|x86 = Release|x86
	EndGlobalSection
	GlobalSection(SolutionProperties) = preSolution
		HideSolutionNode = FALSE
	EndGlobalSection
	GlobalSection(ProjectConfigurationPlatforms) = postSolution
		{8FEAF4DC-E0DF-45BA-A4E7-C3BEB2792E2A}.Debug|Any CPU.ActiveCfg = Debug|Any CPU
		{8FEAF4DC-E0DF-45BA-A4E7-C3BEB2792E2A}.Debug|Any CPU.Build.0 = Debug|Any CPU
		{8FEAF4DC-E0DF-45BA-A4E7-C3BEB2792E2A}.Debug|x64.ActiveCfg = Debug|Any CPU
		{8FEAF4DC-E0DF-45BA-A4E7-C3BEB2792E2A}.Debug|x64.Build.0 = Debug|Any CPU
		{8FEAF4DC-E0DF-45BA-A4E7-C3BEB2792E2A}.Debug|x86.ActiveCfg = Debug|Any CPU
		{8FEAF4DC-E0DF-45BA-A4E7-C3BEB2792E2A}.Debug|x86.Build.0 = Debug|Any CPU
		{8FEAF4DC-E0DF-45BA-A4E7-C3BEB2792E2A}.Release|Any CPU.ActiveCfg = Release|Any CPU
		{8FEAF4DC-E0DF-45BA-A4E7-C3BEB2792E2A}.Release|Any CPU.Build.0 = Release|Any CPU
		{8FEAF4DC-E0DF-45BA-A4E7-C3BEB2792E2A}.Release|x64.ActiveCfg = Release|Any CPU
		{8FEAF4DC-E0DF-45BA-A4E7-C3BEB2792E2A}.Release|x64.Build.0 = Release|Any CPU
		{8FEAF4DC-E0DF-45BA-A4E7-C3BEB2792E2A}.Release|x86.ActiveCfg = Release|Any CPU
		{8FEAF4DC-E0DF-45BA-A4E7-C3BEB2792E2A}.Release|x86.Build.0 = Release|Any CPU
		{18665743-817C-45C3-A7C9-19B61A5BF0BA}.Debug|Any CPU.ActiveCfg = Debug|Any CPU
		{18665743-817C-45C3-A7C9-19B61A5BF0BA}.Debug|Any CPU.Build.0 = Debug|Any CPU
		{18665743-817C-45C3-A7C9-19B61A5BF0BA}.Debug|x64.ActiveCfg = Debug|Any CPU
		{18665743-817C-45C3-A7C9-19B61A5BF0BA}.Debug|x64.Build.0 = Debug|Any CPU
		{18665743-817C-45C3-A7C9-19B61A5BF0BA}.Debug|x86.ActiveCfg = Debug|Any CPU
		{18665743-817C-45C3-A7C9-19B61A5BF0BA}.Debug|x86.Build.0 = Debug|Any CPU
		{18665743-817C-45C3-A7C9-19B61A5BF0BA}.Release|Any CPU.ActiveCfg = Release|Any CPU
		{18665743-817C-45C3-A7C9-19B61A5BF0BA}.Release|Any CPU.Build.0 = Release|Any CPU
		{18665743-817C-45C3-A7C9-19B61A5BF0BA}.Release|x64.ActiveCfg = Release|Any CPU
		{18665743-817C-45C3-A7C9-19B61A5BF0BA}.Release|x64.Build.0 = Release|Any CPU
		{18665743-817C-45C3-A7C9-19B61A5BF0BA}.Release|x86.ActiveCfg = Release|Any CPU
		{18665743-817C-45C3-A7C9-19B61A5BF0BA}.Release|x86.Build.0 = Release|Any CPU
	EndGlobalSection
EndGlobal
